
Microsoft Visual Studio Solution File, Format Version 12.00
# Visual Studio Version 17
VisualStudioVersion = 17.14.36408.4 d17.14
MinimumVisualStudioVersion = 10.0.40219.1
Project("{888888A0-9F3D-457C-B088-3A5042F75D52}") = "secured_login_password_hashing", "secured_login_password_hashing.pyproj", "{AFF8B2D6-9B83-49FC-9967-4F3E8AF4210F}"
EndProject
Global
	GlobalSection(SolutionConfigurationPlatforms) = preSolution
		Debug|Any CPU = Debug|Any CPU
		Release|Any CPU = Release|Any CPU
	EndGlobalSection
	GlobalSection(ProjectConfigurationPlatforms) = postSolution
		{AFF8B2D6-9B83-49FC-9967-4F3E8AF4210F}.Debug|Any CPU.ActiveCfg = Debug|Any CPU
		{AFF8B2D6-9B83-49FC-9967-4F3E8AF4210F}.Release|Any CPU.ActiveCfg = Release|Any CPU
	EndGlobalSection
	GlobalSection(SolutionProperties) = preSolution
		HideSolutionNode = FALSE
	EndGlobalSection
	GlobalSection(ExtensibilityGlobals) = postSolution
		SolutionGuid = {EDCE1C43-23FB-474A-A84A-D53B42D1193F}
	EndGlobalSection
EndGlobal
